
Microsoft Visual Studio Solution File, Format Version 12.00
# Visual Studio Version 17
VisualStudioVersion = 17.12.35527.113 d17.12
MinimumVisualStudioVersion = 10.0.40219.1
Project("{FAE04EC0-301F-11D3-BF4B-00C04F79EFBC}") = "HotWheels-Collection-Manager", "HotWheels-Collection-Manager.csproj", "{AA2A613F-3ACE-486A-9A2A-2D8DC7D63DAC}"
EndProject
Global
	GlobalSection(SolutionConfigurationPlatforms) = preSolution
		Debug|Any CPU = Debug|Any CPU
		Release|Any CPU = Release|Any CPU
	EndGlobalSection
	GlobalSection(ProjectConfigurationPlatforms) = postSolution
		{AA2A613F-3ACE-486A-9A2A-2D8DC7D63DAC}.Debug|Any CPU.ActiveCfg = Debug|Any CPU
		{AA2A613F-3ACE-486A-9A2A-2D8DC7D63DAC}.Debug|Any CPU.Build.0 = Debug|Any CPU
		{AA2A613F-3ACE-486A-9A2A-2D8DC7D63DAC}.Release|Any CPU.ActiveCfg = Release|Any CPU
		{AA2A613F-3ACE-486A-9A2A-2D8DC7D63DAC}.Release|Any CPU.Build.0 = Release|Any CPU
	EndGlobalSection
	GlobalSection(SolutionProperties) = preSolution
		HideSolutionNode = FALSE
	EndGlobalSection
EndGlobal
